
Microsoft Visual Studio Solution File, Format Version 12.00
# Visual Studio Version 17
VisualStudioVersion = 17.0.31903.59
MinimumVisualStudioVersion = 10.0.40219.1
Project("{2150E333-8FDC-42A3-9474-1A3956D46DE8}") = "src", "src", "{827E0CD3-B72D-47B6-A68D-7590B98EB39B}"
EndProject
Project("{FAE04EC0-301F-11D3-BF4B-00C04F79EFBC}") = "WeatherApp.CityDataSeeder.Cli", "src\WeatherApp.CityDataSeeder.Cli\WeatherApp.CityDataSeeder.Cli.csproj", "{854CAAFE-0711-4491-9BF5-8A653A40460D}"
EndProject
Project("{FAE04EC0-301F-11D3-BF4B-00C04F79EFBC}") = "WeatherApp.WebApi", "src\WeatherApp.WebApi\WeatherApp.WebApi.csproj", "{C203E1E6-DD01-4805-993F-43131F11BD78}"
EndProject
Project("{FAE04EC0-301F-11D3-BF4B-00C04F79EFBC}") = "WeatherApp.Domain", "src\WeatherApp.Domain\WeatherApp.Domain.csproj", "{27EA7807-8938-4A9B-AF04-1658AA4B799F}"
EndProject
Project("{2150E333-8FDC-42A3-9474-1A3956D46DE8}") = "tests", "tests", "{0AB3BF05-4346-4AA6-1389-037BE0695223}"
EndProject
Project("{FAE04EC0-301F-11D3-BF4B-00C04F79EFBC}") = "WeatherApp.Cli.UnitTests", "tests\WeatherApp.Cli.UnitTests\WeatherApp.Cli.UnitTests.csproj", "{FC9E977B-09E5-4242-A015-DC9BF82B4D83}"
EndProject
Global
	GlobalSection(SolutionConfigurationPlatforms) = preSolution
		Debug|Any CPU = Debug|Any CPU
		Debug|x64 = Debug|x64
		Debug|x86 = Debug|x86
		Release|Any CPU = Release|Any CPU
		Release|x64 = Release|x64
		Release|x86 = Release|x86
	EndGlobalSection
	GlobalSection(ProjectConfigurationPlatforms) = postSolution
		{854CAAFE-0711-4491-9BF5-8A653A40460D}.Debug|Any CPU.ActiveCfg = Debug|Any CPU
		{854CAAFE-0711-4491-9BF5-8A653A40460D}.Debug|Any CPU.Build.0 = Debug|Any CPU
		{854CAAFE-0711-4491-9BF5-8A653A40460D}.Debug|x64.ActiveCfg = Debug|Any CPU
		{854CAAFE-0711-4491-9BF5-8A653A40460D}.Debug|x64.Build.0 = Debug|Any CPU
		{854CAAFE-0711-4491-9BF5-8A653A40460D}.Debug|x86.ActiveCfg = Debug|Any CPU
		{854CAAFE-0711-4491-9BF5-8A653A40460D}.Debug|x86.Build.0 = Debug|Any CPU
		{854CAAFE-0711-4491-9BF5-8A653A40460D}.Release|Any CPU.ActiveCfg = Release|Any CPU
		{854CAAFE-0711-4491-9BF5-8A653A40460D}.Release|Any CPU.Build.0 = Release|Any CPU
		{854CAAFE-0711-4491-9BF5-8A653A40460D}.Release|x64.ActiveCfg = Release|Any CPU
		{854CAAFE-0711-4491-9BF5-8A653A40460D}.Release|x64.Build.0 = Release|Any CPU
		{854CAAFE-0711-4491-9BF5-8A653A40460D}.Release|x86.ActiveCfg = Release|Any CPU
		{854CAAFE-0711-4491-9BF5-8A653A40460D}.Release|x86.Build.0 = Release|Any CPU
		{C203E1E6-DD01-4805-993F-43131F11BD78}.Debug|Any CPU.ActiveCfg = Debug|Any CPU
		{C203E1E6-DD01-4805-993F-43131F11BD78}.Debug|Any CPU.Build.0 = Debug|Any CPU
		{C203E1E6-DD01-4805-993F-43131F11BD78}.Debug|x64.ActiveCfg = Debug|Any CPU
		{C203E1E6-DD01-4805-993F-43131F11BD78}.Debug|x64.Build.0 = Debug|Any CPU
		{C203E1E6-DD01-4805-993F-43131F11BD78}.Debug|x86.ActiveCfg = Debug|Any CPU
		{C203E1E6-DD01-4805-993F-43131F11BD78}.Debug|x86.Build.0 = Debug|Any CPU
		{C203E1E6-DD01-4805-993F-43131F11BD78}.Release|Any CPU.ActiveCfg = Release|Any CPU
		{C203E1E6-DD01-4805-993F-43131F11BD78}.Release|Any CPU.Build.0 = Release|Any CPU
		{C203E1E6-DD01-4805-993F-43131F11BD78}.Release|x64.ActiveCfg = Release|Any CPU
		{C203E1E6-DD01-4805-993F-43131F11BD78}.Release|x64.Build.0 = Release|Any CPU
		{C203E1E6-DD01-4805-993F-43131F11BD78}.Release|x86.ActiveCfg = Release|Any CPU
		{C203E1E6-DD01-4805-993F-43131F11BD78}.Release|x86.Build.0 = Release|Any CPU
		{27EA7807-8938-4A9B-AF04-1658AA4B799F}.Debug|Any CPU.ActiveCfg = Debug|Any CPU
		{27EA7807-8938-4A9B-AF04-1658AA4B799F}.Debug|Any CPU.Build.0 = Debug|Any CPU
		{27EA7807-8938-4A9B-AF04-1658AA4B799F}.Debug|x64.ActiveCfg = Debug|Any CPU
		{27EA7807-8938-4A9B-AF04-1658AA4B799F}.Debug|x64.Build.0 = Debug|Any CPU
		{27EA7807-8938-4A9B-AF04-1658AA4B799F}.Debug|x86.ActiveCfg = Debug|Any CPU
		{27EA7807-8938-4A9B-AF04-1658AA4B799F}.Debug|x86.Build.0 = Debug|Any CPU
		{27EA7807-8938-4A9B-AF04-1658AA4B799F}.Release|Any CPU.ActiveCfg = Release|Any CPU
		{27EA7807-8938-4A9B-AF04-1658AA4B799F}.Release|Any CPU.Build.0 = Release|Any CPU
		{27EA7807-8938-4A9B-AF04-1658AA4B799F}.Release|x64.ActiveCfg = Release|Any CPU
		{27EA7807-8938-4A9B-AF04-1658AA4B799F}.Release|x64.Build.0 = Release|Any CPU
		{27EA7807-8938-4A9B-AF04-1658AA4B799F}.Release|x86.ActiveCfg = Release|Any CPU
		{27EA7807-8938-4A9B-AF04-1658AA4B799F}.Release|x86.Build.0 = Release|Any CPU
		{FC9E977B-09E5-4242-A015-DC9BF82B4D83}.Debug|Any CPU.ActiveCfg = Debug|Any CPU
		{FC9E977B-09E5-4242-A015-DC9BF82B4D83}.Debug|Any CPU.Build.0 = Debug|Any CPU
		{FC9E977B-09E5-4242-A015-DC9BF82B4D83}.Debug|x64.ActiveCfg = Debug|Any CPU
		{FC9E977B-09E5-4242-A015-DC9BF82B4D83}.Debug|x64.Build.0 = Debug|Any CPU
		{FC9E977B-09E5-4242-A015-DC9BF82B4D83}.Debug|x86.ActiveCfg = Debug|Any CPU
		{FC9E977B-09E5-4242-A015-DC9BF82B4D83}.Debug|x86.Build.0 = Debug|Any CPU
		{FC9E977B-09E5-4242-A015-DC9BF82B4D83}.Release|Any CPU.ActiveCfg = Release|Any CPU
		{FC9E977B-09E5-4242-A015-DC9BF82B4D83}.Release|Any CPU.Build.0 = Release|Any CPU
		{FC9E977B-09E5-4242-A015-DC9BF82B4D83}.Release|x64.ActiveCfg = Release|Any CPU
		{FC9E977B-09E5-4242-A015-DC9BF82B4D83}.Release|x64.Build.0 = Release|Any CPU
		{FC9E977B-09E5-4242-A015-DC9BF82B4D83}.Release|x86.ActiveCfg = Release|Any CPU
		{FC9E977B-09E5-4242-A015-DC9BF82B4D83}.Release|x86.Build.0 = Release|Any CPU
	EndGlobalSection
	GlobalSection(SolutionProperties) = preSolution
		HideSolutionNode = FALSE
	EndGlobalSection
	GlobalSection(NestedProjects) = preSolution
		{854CAAFE-0711-4491-9BF5-8A653A40460D} = {827E0CD3-B72D-47B6-A68D-7590B98EB39B}
		{C203E1E6-DD01-4805-993F-43131F11BD78} = {827E0CD3-B72D-47B6-A68D-7590B98EB39B}
		{27EA7807-8938-4A9B-AF04-1658AA4B799F} = {827E0CD3-B72D-47B6-A68D-7590B98EB39B}
		{FC9E977B-09E5-4242-A015-DC9BF82B4D83} = {0AB3BF05-4346-4AA6-1389-037BE0695223}
	EndGlobalSection
EndGlobal
